
Microsoft Visual Studio Solution File, Format Version 12.00
# Visual Studio Version 17
VisualStudioVersion = 17.8.34316.72
MinimumVisualStudioVersion = 10.0.40219.1
Project("{FAE04EC0-301F-11D3-BF4B-00C04F79EFBC}") = "OnlyZoo", "OnlyZoo.csproj", "{44765DBD-2BEA-4A97-AD0F-BD05840536DF}"
EndProject
Global
	GlobalSection(SolutionConfigurationPlatforms) = preSolution
		Debug|Any CPU = Debug|Any CPU
		Release|Any CPU = Release|Any CPU
	EndGlobalSection
	GlobalSection(ProjectConfigurationPlatforms) = postSolution
		{44765DBD-2BEA-4A97-AD0F-BD05840536DF}.Debug|Any CPU.ActiveCfg = Debug|Any CPU
		{44765DBD-2BEA-4A97-AD0F-BD05840536DF}.Debug|Any CPU.Build.0 = Debug|Any CPU
		{44765DBD-2BEA-4A97-AD0F-BD05840536DF}.Release|Any CPU.ActiveCfg = Release|Any CPU
		{44765DBD-2BEA-4A97-AD0F-BD05840536DF}.Release|Any CPU.Build.0 = Release|Any CPU
	EndGlobalSection
	GlobalSection(SolutionProperties) = preSolution
		HideSolutionNode = FALSE
	EndGlobalSection
	GlobalSection(ExtensibilityGlobals) = postSolution
		SolutionGuid = {3F330B97-E895-4610-97FB-34E7209AA5EB}
	EndGlobalSection
EndGlobal
