
Microsoft Visual Studio Solution File, Format Version 12.00
# Visual Studio Version 17
VisualStudioVersion = 17.7.34031.279
MinimumVisualStudioVersion = 10.0.40219.1
Project("{FAE04EC0-301F-11D3-BF4B-00C04F79EFBC}") = "OnlyZooXDEV", "OnlyZooXDEV\OnlyZooXDEV.csproj", "{5D057CAD-77B2-48C7-8978-0BC837FAC9ED}"
EndProject
Global
	GlobalSection(SolutionConfigurationPlatforms) = preSolution
		Debug|Any CPU = Debug|Any CPU
		Release|Any CPU = Release|Any CPU
	EndGlobalSection
	GlobalSection(ProjectConfigurationPlatforms) = postSolution
		{5D057CAD-77B2-48C7-8978-0BC837FAC9ED}.Debug|Any CPU.ActiveCfg = Debug|Any CPU
		{5D057CAD-77B2-48C7-8978-0BC837FAC9ED}.Debug|Any CPU.Build.0 = Debug|Any CPU
		{5D057CAD-77B2-48C7-8978-0BC837FAC9ED}.Release|Any CPU.ActiveCfg = Release|Any CPU
		{5D057CAD-77B2-48C7-8978-0BC837FAC9ED}.Release|Any CPU.Build.0 = Release|Any CPU
	EndGlobalSection
	GlobalSection(SolutionProperties) = preSolution
		HideSolutionNode = FALSE
	EndGlobalSection
	GlobalSection(ExtensibilityGlobals) = postSolution
		SolutionGuid = {AD1D4258-4CC8-477E-9175-6BF4A6EADADB}
	EndGlobalSection
EndGlobal
